
Microsoft Visual Studio Solution File, Format Version 12.00
# Visual Studio Version 17
VisualStudioVersion = 17.4.33122.133
MinimumVisualStudioVersion = 10.0.40219.1
Project("{9A19103F-16F7-4668-BE54-9A1E7A4F7556}") = "Realtime", "Realtime\Realtime.csproj", "{194E6AEF-7ABB-41AD-BB96-59B5995B62A5}"
EndProject
Project("{9A19103F-16F7-4668-BE54-9A1E7A4F7556}") = "RealtimeTests", "RealtimeTests\RealtimeTests.csproj", "{AD3699C8-F50D-44B3-9DF3-2365AF8B8BB3}"
EndProject
Project("{2150E333-8FDC-42A3-9474-1A3956D46DE8}") = "Solution Items", "Solution Items", "{0DA83318-C23A-4202-82C3-88ECB41998CD}"
	ProjectSection(SolutionItems) = preProject
		CHANGELOG.md = CHANGELOG.md
		docker-compose.yml = docker-compose.yml
		README.md = README.md
	EndProjectSection
EndProject
Project("{2150E333-8FDC-42A3-9474-1A3956D46DE8}") = "Examples", "Examples", "{595D76A4-2809-4D38-A6FE-18785E1B3749}"
EndProject
Project("{9A19103F-16F7-4668-BE54-9A1E7A4F7556}") = "RealtimeExample", "Examples\RealtimeExample\RealtimeExample.csproj", "{A5BF740D-402B-40D5-954C-18DD2C6D6BE5}"
EndProject
Project("{9A19103F-16F7-4668-BE54-9A1E7A4F7556}") = "PresenceExample", "Examples\PresenceExample\PresenceExample.csproj", "{05D46011-4365-4BC6-AD7F-71BE7198EC0C}"
EndProject
Project("{2150E333-8FDC-42A3-9474-1A3956D46DE8}") = ".github", ".github", "{6CA44E8A-9A31-4CA0-B40B-33E30EC18A5C}"
EndProject
Project("{2150E333-8FDC-42A3-9474-1A3956D46DE8}") = "workflows", "workflows", "{DED28688-938B-4F13-9A11-0CBDB06AE5A5}"
	ProjectSection(SolutionItems) = preProject
		.github\workflows\build-and-test.yml = .github\workflows\build-and-test.yml
		.github\workflows\build-documentation.yaml = .github\workflows\build-documentation.yaml
		.github\workflows\release.yml = .github\workflows\release.yml
	EndProjectSection
EndProject
Global
	GlobalSection(SolutionConfigurationPlatforms) = preSolution
		Debug|Any CPU = Debug|Any CPU
		Release|Any CPU = Release|Any CPU
	EndGlobalSection
	GlobalSection(ProjectConfigurationPlatforms) = postSolution
		{194E6AEF-7ABB-41AD-BB96-59B5995B62A5}.Debug|Any CPU.ActiveCfg = Debug|Any CPU
		{194E6AEF-7ABB-41AD-BB96-59B5995B62A5}.Debug|Any CPU.Build.0 = Debug|Any CPU
		{194E6AEF-7ABB-41AD-BB96-59B5995B62A5}.Release|Any CPU.ActiveCfg = Release|Any CPU
		{194E6AEF-7ABB-41AD-BB96-59B5995B62A5}.Release|Any CPU.Build.0 = Release|Any CPU
		{AD3699C8-F50D-44B3-9DF3-2365AF8B8BB3}.Debug|Any CPU.ActiveCfg = Debug|Any CPU
		{AD3699C8-F50D-44B3-9DF3-2365AF8B8BB3}.Debug|Any CPU.Build.0 = Debug|Any CPU
		{AD3699C8-F50D-44B3-9DF3-2365AF8B8BB3}.Release|Any CPU.ActiveCfg = Release|Any CPU
		{AD3699C8-F50D-44B3-9DF3-2365AF8B8BB3}.Release|Any CPU.Build.0 = Release|Any CPU
		{A5BF740D-402B-40D5-954C-18DD2C6D6BE5}.Debug|Any CPU.ActiveCfg = Debug|Any CPU
		{A5BF740D-402B-40D5-954C-18DD2C6D6BE5}.Debug|Any CPU.Build.0 = Debug|Any CPU
		{A5BF740D-402B-40D5-954C-18DD2C6D6BE5}.Release|Any CPU.ActiveCfg = Release|Any CPU
		{A5BF740D-402B-40D5-954C-18DD2C6D6BE5}.Release|Any CPU.Build.0 = Release|Any CPU
		{05D46011-4365-4BC6-AD7F-71BE7198EC0C}.Debug|Any CPU.ActiveCfg = Debug|Any CPU
		{05D46011-4365-4BC6-AD7F-71BE7198EC0C}.Debug|Any CPU.Build.0 = Debug|Any CPU
		{05D46011-4365-4BC6-AD7F-71BE7198EC0C}.Release|Any CPU.ActiveCfg = Release|Any CPU
		{05D46011-4365-4BC6-AD7F-71BE7198EC0C}.Release|Any CPU.Build.0 = Release|Any CPU
	EndGlobalSection
	GlobalSection(SolutionProperties) = preSolution
		HideSolutionNode = FALSE
	EndGlobalSection
	GlobalSection(NestedProjects) = preSolution
		{A5BF740D-402B-40D5-954C-18DD2C6D6BE5} = {595D76A4-2809-4D38-A6FE-18785E1B3749}
		{05D46011-4365-4BC6-AD7F-71BE7198EC0C} = {595D76A4-2809-4D38-A6FE-18785E1B3749}
		{6CA44E8A-9A31-4CA0-B40B-33E30EC18A5C} = {0DA83318-C23A-4202-82C3-88ECB41998CD}
		{DED28688-938B-4F13-9A11-0CBDB06AE5A5} = {6CA44E8A-9A31-4CA0-B40B-33E30EC18A5C}
	EndGlobalSection
	GlobalSection(ExtensibilityGlobals) = postSolution
		SolutionGuid = {5CFFD342-4DBD-4D79-BD1C-2183939DBFD4}
	EndGlobalSection
	GlobalSection(MonoDevelopProperties) = preSolution
		version = 3.0.0
	EndGlobalSection
EndGlobal
